// !$*UTF8*$!
{
	archiveVersion = 1;
	classes = {
	};
	objectVersion = 77;
	objects = {

/* Begin PBXBuildFile section */
		B7B4C08D2E6F1F31006E6921 /* OPPWAMobile.xcframework in Frameworks */ = {isa = PBXBuildFile; fileRef = B7B4C08C2E6F1F31006E6921 /* OPPWAMobile.xcframework */; };
		B7B4C08E2E6F1F31006E6921 /* OPPWAMobile.xcframework in Embed Frameworks */ = {isa = PBXBuildFile; fileRef = B7B4C08C2E6F1F31006E6921 /* OPPWAMobile.xcframework */; settings = {ATTRIBUTES = (CodeSignOnCopy, RemoveHeadersOnCopy, ); }; };
		B7B4C0902E6F1F5B006E6921 /* OPPWAMobile_MSA.xcframework in Frameworks */ = {isa = PBXBuildFile; fileRef = B7B4C08F2E6F1F5B006E6921 /* OPPWAMobile_MSA.xcframework */; };
		B7B4C0912E6F1F5B006E6921 /* OPPWAMobile_MSA.xcframework in Embed Frameworks */ = {isa = PBXBuildFile; fileRef = B7B4C08F2E6F1F5B006E6921 /* OPPWAMobile_MSA.xcframework */; settings = {ATTRIBUTES = (CodeSignOnCopy, RemoveHeadersOnCopy, ); }; };
		B7B4C0932E6F1F6D006E6921 /* ipworks3ds_sdk_9048.xcframework in Frameworks */ = {isa = PBXBuildFile; fileRef = B7B4C0922E6F1F6D006E6921 /* ipworks3ds_sdk_9048.xcframework */; };
		B7B4C0942E6F1F6D006E6921 /* ipworks3ds_sdk_9048.xcframework in Embed Frameworks */ = {isa = PBXBuildFile; fileRef = B7B4C0922E6F1F6D006E6921 /* ipworks3ds_sdk_9048.xcframework */; settings = {ATTRIBUTES = (CodeSignOnCopy, RemoveHeadersOnCopy, ); }; };
/* End PBXBuildFile section */

/* Begin PBXCopyFilesBuildPhase section */
		AAF65BDB2E6F076100C4A871 /* Embed Frameworks */ = {
			isa = PBXCopyFilesBuildPhase;
			buildActionMask = 2147483647;
			dstPath = "";
			dstSubfolderSpec = 10;
			files = (
				B7B4C08E2E6F1F31006E6921 /* OPPWAMobile.xcframework in Embed Frameworks */,
				B7B4C0912E6F1F5B006E6921 /* OPPWAMobile_MSA.xcframework in Embed Frameworks */,
				B7B4C0942E6F1F6D006E6921 /* ipworks3ds_sdk_9048.xcframework in Embed Frameworks */,
			);
			name = "Embed Frameworks";
			runOnlyForDeploymentPostprocessing = 0;
		};
/* End PBXCopyFilesBuildPhase section */

/* Begin PBXFileReference section */
		AA0A0CE32E6F06FB00A70EE8 /* HyperPaymentDemo.app */ = {isa = PBXFileReference; explicitFileType = wrapper.application; includeInIndex = 0; path = HyperPaymentDemo.app; sourceTree = BUILT_PRODUCTS_DIR; };
		B7B4C08C2E6F1F31006E6921 /* OPPWAMobile.xcframework */ = {isa = PBXFileReference; lastKnownFileType = wrapper.xcframework; name = OPPWAMobile.xcframework; path = "../Hyperpay SDK_v7.2.3/Hyperpay SDK_v7.2.3/iOS_Frameworks_7.2.3/OPPWAMobile.xcframework"; sourceTree = "<group>"; };
		B7B4C08F2E6F1F5B006E6921 /* OPPWAMobile_MSA.xcframework */ = {isa = PBXFileReference; lastKnownFileType = wrapper.xcframework; name = OPPWAMobile_MSA.xcframework; path = "../Hyperpay SDK_v7.2.3/Hyperpay SDK_v7.2.3/iOS_Frameworks_7.2.3/Demo/OPPWAMobile_MSA.xcframework"; sourceTree = "<group>"; };
		B7B4C0922E6F1F6D006E6921 /* ipworks3ds_sdk_9048.xcframework */ = {isa = PBXFileReference; expectedSignature = "AppleDeveloperProgram:74N8742JFG:n software, Inc."; lastKnownFileType = wrapper.xcframework; name = ipworks3ds_sdk_9048.xcframework; path = "../Hyperpay SDK_v7.2.3/Hyperpay SDK_v7.2.3/iOS_Frameworks_7.2.3/ipworks3ds_sdk_9048.xcframework"; sourceTree = "<group>"; };
/* End PBXFileReference section */

/* Begin PBXFileSystemSynchronizedBuildFileExceptionSet section */
		AAF65BE92E6F14FB00C4A871 /* Exceptions for "HyperPaymentDemo" folder in "HyperPaymentDemo" target */ = {
			isa = PBXFileSystemSynchronizedBuildFileExceptionSet;
			membershipExceptions = (
				Info.plist,
			);
			target = AA0A0CE22E6F06FB00A70EE8 /* HyperPaymentDemo */;
		};
/* End PBXFileSystemSynchronizedBuildFileExceptionSet section */

/* Begin PBXFileSystemSynchronizedRootGroup section */
		AA0A0CE52E6F06FB00A70EE8 /* HyperPaymentDemo */ = {
			isa = PBXFileSystemSynchronizedRootGroup;
			exceptions = (
				AAF65BE92E6F14FB00C4A871 /* Exceptions for "HyperPaymentDemo" folder in "HyperPaymentDemo" target */,
			);
			path = HyperPaymentDemo;
			sourceTree = "<group>";
		};
/* End PBXFileSystemSynchronizedRootGroup section */

/* Begin PBXFrameworksBuildPhase section */
		AA0A0CE02E6F06FB00A70EE8 /* Frameworks */ = {
			isa = PBXFrameworksBuildPhase;
			buildActionMask = 2147483647;
			files = (
				B7B4C08D2E6F1F31006E6921 /* OPPWAMobile.xcframework in Frameworks */,
				B7B4C0902E6F1F5B006E6921 /* OPPWAMobile_MSA.xcframework in Frameworks */,
				B7B4C0932E6F1F6D006E6921 /* ipworks3ds_sdk_9048.xcframework in Frameworks */,
			);
			runOnlyForDeploymentPostprocessing = 0;
		};
/* End PBXFrameworksBuildPhase section */

/* Begin PBXGroup section */
		AA0A0CDA2E6F06FB00A70EE8 = {
			isa = PBXGroup;
			children = (
				AA0A0CE52E6F06FB00A70EE8 /* HyperPaymentDemo */,
				AAF65BD42E6F076100C4A871 /* Frameworks */,
				AA0A0CE42E6F06FB00A70EE8 /* Products */,
			);
			sourceTree = "<group>";
		};
		AA0A0CE42E6F06FB00A70EE8 /* Products */ = {
			isa = PBXGroup;
			children = (
				AA0A0CE32E6F06FB00A70EE8 /* HyperPaymentDemo.app */,
			);
			name = Products;
			sourceTree = "<group>";
		};
		AAF65BD42E6F076100C4A871 /* Frameworks */ = {
			isa = PBXGroup;
			children = (
				B7B4C0922E6F1F6D006E6921 /* ipworks3ds_sdk_9048.xcframework */,
				B7B4C08F2E6F1F5B006E6921 /* OPPWAMobile_MSA.xcframework */,
				B7B4C08C2E6F1F31006E6921 /* OPPWAMobile.xcframework */,
			);
			name = Frameworks;
			sourceTree = "<group>";
		};
/* End PBXGroup section */

/* Begin PBXNativeTarget section */
		AA0A0CE22E6F06FB00A70EE8 /* HyperPaymentDemo */ = {
			isa = PBXNativeTarget;
			buildConfigurationList = AA0A0CEE2E6F070700A70EE8 /* Build configuration list for PBXNativeTarget "HyperPaymentDemo" */;
			buildPhases = (
				AA0A0CDF2E6F06FB00A70EE8 /* Sources */,
				AA0A0CE02E6F06FB00A70EE8 /* Frameworks */,
				AA0A0CE12E6F06FB00A70EE8 /* Resources */,
				AAF65BDB2E6F076100C4A871 /* Embed Frameworks */,
			);
			buildRules = (
			);
			dependencies = (
			);
			fileSystemSynchronizedGroups = (
				AA0A0CE52E6F06FB00A70EE8 /* HyperPaymentDemo */,
			);
			name = HyperPaymentDemo;
			packageProductDependencies = (
			);
			productName = HyperPaymentDemo;
			productReference = AA0A0CE32E6F06FB00A70EE8 /* HyperPaymentDemo.app */;
			productType = "com.apple.product-type.application";
		};
/* End PBXNativeTarget section */

/* Begin PBXProject section */
		AA0A0CDB2E6F06FB00A70EE8 /* Project object */ = {
			isa = PBXProject;
			attributes = {
				BuildIndependentTargetsInParallel = 1;
				LastSwiftUpdateCheck = 1640;
				LastUpgradeCheck = 1640;
				TargetAttributes = {
					AA0A0CE22E6F06FB00A70EE8 = {
						CreatedOnToolsVersion = 16.4;
					};
				};
			};
			buildConfigurationList = AA0A0CDE2E6F06FB00A70EE8 /* Build configuration list for PBXProject "HyperPaymentDemo" */;
			developmentRegion = en;
			hasScannedForEncodings = 0;
			knownRegions = (
				en,
				Base,
			);
			mainGroup = AA0A0CDA2E6F06FB00A70EE8;
			minimizedProjectReferenceProxies = 1;
			preferredProjectObjectVersion = 77;
			productRefGroup = AA0A0CE42E6F06FB00A70EE8 /* Products */;
			projectDirPath = "";
			projectRoot = "";
			targets = (
				AA0A0CE22E6F06FB00A70EE8 /* HyperPaymentDemo */,
			);
		};
/* End PBXProject section */

/* Begin PBXResourcesBuildPhase section */
		AA0A0CE12E6F06FB00A70EE8 /* Resources */ = {
			isa = PBXResourcesBuildPhase;
			buildActionMask = 2147483647;
			files = (
			);
			runOnlyForDeploymentPostprocessing = 0;
		};
/* End PBXResourcesBuildPhase section */

/* Begin PBXSourcesBuildPhase section */
		AA0A0CDF2E6F06FB00A70EE8 /* Sources */ = {
			isa = PBXSourcesBuildPhase;
			buildActionMask = 2147483647;
			files = (
			);
			runOnlyForDeploymentPostprocessing = 0;
		};
/* End PBXSourcesBuildPhase section */

/* Begin XCBuildConfiguration section */
		AA0A0CEC2E6F070700A70EE8 /* Debug */ = {
			isa = XCBuildConfiguration;
			buildSettings = {
				ALWAYS_SEARCH_USER_PATHS = NO;
				ASSETCATALOG_COMPILER_GENERATE_SWIFT_ASSET_SYMBOL_EXTENSIONS = YES;
				CLANG_ANALYZER_NONNULL = YES;
				CLANG_ANALYZER_NUMBER_OBJECT_CONVERSION = YES_AGGRESSIVE;
				CLANG_CXX_LANGUAGE_STANDARD = "gnu++20";
				CLANG_ENABLE_MODULES = YES;
				CLANG_ENABLE_OBJC_ARC = YES;
				CLANG_ENABLE_OBJC_WEAK = YES;
				CLANG_WARN_BLOCK_CAPTURE_AUTORELEASING = YES;
				CLANG_WARN_BOOL_CONVERSION = YES;
				CLANG_WARN_COMMA = YES;
				CLANG_WARN_CONSTANT_CONVERSION = YES;
				CLANG_WARN_DEPRECATED_OBJC_IMPLEMENTATIONS = YES;
				CLANG_WARN_DIRECT_OBJC_ISA_USAGE = YES_ERROR;
				CLANG_WARN_DOCUMENTATION_COMMENTS = YES;
				CLANG_WARN_EMPTY_BODY = YES;
				CLANG_WARN_ENUM_CONVERSION = YES;
				CLANG_WARN_INFINITE_RECURSION = YES;
				CLANG_WARN_INT_CONVERSION = YES;
				CLANG_WARN_NON_LITERAL_NULL_CONVERSION = YES;
				CLANG_WARN_OBJC_IMPLICIT_RETAIN_SELF = YES;
				CLANG_WARN_OBJC_LITERAL_CONVERSION = YES;
				CLANG_WARN_OBJC_ROOT_CLASS = YES_ERROR;
				CLANG_WARN_QUOTED_INCLUDE_IN_FRAMEWORK_HEADER = YES;
				CLANG_WARN_RANGE_LOOP_ANALYSIS = YES;
				CLANG_WARN_STRICT_PROTOTYPES = YES;
				CLANG_WARN_SUSPICIOUS_MOVE = YES;
				CLANG_WARN_UNGUARDED_AVAILABILITY = YES_AGGRESSIVE;
				CLANG_WARN_UNREACHABLE_CODE = YES;
				CLANG_WARN__DUPLICATE_METHOD_MATCH = YES;
				COPY_PHASE_STRIP = NO;
				DEBUG_INFORMATION_FORMAT = dwarf;
				DEVELOPMENT_TEAM = W8LN286WQ7;
				ENABLE_STRICT_OBJC_MSGSEND = YES;
				ENABLE_TESTABILITY = YES;
				ENABLE_USER_SCRIPT_SANDBOXING = YES;
				GCC_C_LANGUAGE_STANDARD = gnu17;
				GCC_DYNAMIC_NO_PIC = NO;
				GCC_NO_COMMON_BLOCKS = YES;
				GCC_OPTIMIZATION_LEVEL = 0;
				GCC_PREPROCESSOR_DEFINITIONS = (
					"DEBUG=1",
					"$(inherited)",
				);
				GCC_WARN_64_TO_32_BIT_CONVERSION = YES;
				GCC_WARN_ABOUT_RETURN_TYPE = YES_ERROR;
				GCC_WARN_UNDECLARED_SELECTOR = YES;
				GCC_WARN_UNINITIALIZED_AUTOS = YES_AGGRESSIVE;
				GCC_WARN_UNUSED_FUNCTION = YES;
				GCC_WARN_UNUSED_VARIABLE = YES;
				IPHONEOS_DEPLOYMENT_TARGET = 18.5;
				LOCALIZATION_PREFERS_STRING_CATALOGS = YES;
				MTL_ENABLE_DEBUG_INFO = INCLUDE_SOURCE;
				MTL_FAST_MATH = YES;
				ONLY_ACTIVE_ARCH = YES;
				SDKROOT = iphoneos;
				SWIFT_ACTIVE_COMPILATION_CONDITIONS = "DEBUG $(inherited)";
				SWIFT_OPTIMIZATION_LEVEL = "-Onone";
			};
			name = Debug;
		};
		AA0A0CED2E6F070700A70EE8 /* Release */ = {
			isa = XCBuildConfiguration;
			buildSettings = {
				ALWAYS_SEARCH_USER_PATHS = NO;
				ASSETCATALOG_COMPILER_GENERATE_SWIFT_ASSET_SYMBOL_EXTENSIONS = YES;
				CLANG_ANALYZER_NONNULL = YES;
				CLANG_ANALYZER_NUMBER_OBJECT_CONVERSION = YES_AGGRESSIVE;
				CLANG_CXX_LANGUAGE_STANDARD = "gnu++20";
				CLANG_ENABLE_MODULES = YES;
				CLANG_ENABLE_OBJC_ARC = YES;
				CLANG_ENABLE_OBJC_WEAK = YES;
				CLANG_WARN_BLOCK_CAPTURE_AUTORELEASING = YES;
				CLANG_WARN_BOOL_CONVERSION = YES;
				CLANG_WARN_COMMA = YES;
				CLANG_WARN_CONSTANT_CONVERSION = YES;
				CLANG_WARN_DEPRECATED_OBJC_IMPLEMENTATIONS = YES;
				CLANG_WARN_DIRECT_OBJC_ISA_USAGE = YES_ERROR;
				CLANG_WARN_DOCUMENTATION_COMMENTS = YES;
				CLANG_WARN_EMPTY_BODY = YES;
				CLANG_WARN_ENUM_CONVERSION = YES;
				CLANG_WARN_INFINITE_RECURSION = YES;
				CLANG_WARN_INT_CONVERSION = YES;
				CLANG_WARN_NON_LITERAL_NULL_CONVERSION = YES;
				CLANG_WARN_OBJC_IMPLICIT_RETAIN_SELF = YES;
				CLANG_WARN_OBJC_LITERAL_CONVERSION = YES;
				CLANG_WARN_OBJC_ROOT_CLASS = YES_ERROR;
				CLANG_WARN_QUOTED_INCLUDE_IN_FRAMEWORK_HEADER = YES;
				CLANG_WARN_RANGE_LOOP_ANALYSIS = YES;
				CLANG_WARN_STRICT_PROTOTYPES = YES;
				CLANG_WARN_SUSPICIOUS_MOVE = YES;
				CLANG_WARN_UNGUARDED_AVAILABILITY = YES_AGGRESSIVE;
				CLANG_WARN_UNREACHABLE_CODE = YES;
				CLANG_WARN__DUPLICATE_METHOD_MATCH = YES;
				COPY_PHASE_STRIP = NO;
				DEBUG_INFORMATION_FORMAT = "dwarf-with-dsym";
				DEVELOPMENT_TEAM = W8LN286WQ7;
				ENABLE_NS_ASSERTIONS = NO;
				ENABLE_STRICT_OBJC_MSGSEND = YES;
				ENABLE_USER_SCRIPT_SANDBOXING = YES;
				GCC_C_LANGUAGE_STANDARD = gnu17;
				GCC_NO_COMMON_BLOCKS = YES;
				GCC_WARN_64_TO_32_BIT_CONVERSION = YES;
				GCC_WARN_ABOUT_RETURN_TYPE = YES_ERROR;
				GCC_WARN_UNDECLARED_SELECTOR = YES;
				GCC_WARN_UNINITIALIZED_AUTOS = YES_AGGRESSIVE;
				GCC_WARN_UNUSED_FUNCTION = YES;
				GCC_WARN_UNUSED_VARIABLE = YES;
				IPHONEOS_DEPLOYMENT_TARGET = 18.5;
				LOCALIZATION_PREFERS_STRING_CATALOGS = YES;
				MTL_ENABLE_DEBUG_INFO = NO;
				MTL_FAST_MATH = YES;
				SDKROOT = iphoneos;
				SWIFT_COMPILATION_MODE = wholemodule;
				VALIDATE_PRODUCT = YES;
			};
			name = Release;
		};
		AA0A0CEF2E6F070700A70EE8 /* Debug */ = {
			isa = XCBuildConfiguration;
			buildSettings = {
				ASSETCATALOG_COMPILER_APPICON_NAME = AppIcon;
				ASSETCATALOG_COMPILER_GLOBAL_ACCENT_COLOR_NAME = AccentColor;
				CODE_SIGN_STYLE = Automatic;
				CURRENT_PROJECT_VERSION = 1;
				DEVELOPMENT_TEAM = W8LN286WQ7;
				ENABLE_PREVIEWS = YES;
				GENERATE_INFOPLIST_FILE = YES;
				INFOPLIST_FILE = HyperPaymentDemo/Info.plist;
				INFOPLIST_KEY_UIApplicationSceneManifest_Generation = YES;
				INFOPLIST_KEY_UIApplicationSupportsIndirectInputEvents = YES;
				INFOPLIST_KEY_UILaunchScreen_Generation = YES;
				INFOPLIST_KEY_UISupportedInterfaceOrientations_iPad = "UIInterfaceOrientationPortrait UIInterfaceOrientationPortraitUpsideDown UIInterfaceOrientationLandscapeLeft UIInterfaceOrientationLandscapeRight";
				INFOPLIST_KEY_UISupportedInterfaceOrientations_iPhone = "UIInterfaceOrientationPortrait UIInterfaceOrientationLandscapeLeft UIInterfaceOrientationLandscapeRight";
				IPHONEOS_DEPLOYMENT_TARGET = 17.6;
				LD_RUNPATH_SEARCH_PATHS = (
					"$(inherited)",
					"@executable_path/Frameworks",
				);
				MARKETING_VERSION = 1.0;
				PRODUCT_BUNDLE_IDENTIFIER = com.eg.HyperPaymentDemo;
				PRODUCT_NAME = "$(TARGET_NAME)";
				SUPPORTED_PLATFORMS = "iphoneos iphonesimulator";
				SUPPORTS_MACCATALYST = NO;
				SUPPORTS_MAC_DESIGNED_FOR_IPHONE_IPAD = NO;
				SUPPORTS_XR_DESIGNED_FOR_IPHONE_IPAD = NO;
				SWIFT_EMIT_LOC_STRINGS = YES;
				SWIFT_OBJC_BRIDGING_HEADER = "HyperPaymentDemo/HyperPaymentDemo-Bridging-Header.h";
				SWIFT_VERSION = 5.0;
				TARGETED_DEVICE_FAMILY = "1,2";
			};
			name = Debug;
		};
		AA0A0CF02E6F070700A70EE8 /* Release */ = {
			isa = XCBuildConfiguration;
			buildSettings = {
				ASSETCATALOG_COMPILER_APPICON_NAME = AppIcon;
				ASSETCATALOG_COMPILER_GLOBAL_ACCENT_COLOR_NAME = AccentColor;
				CODE_SIGN_STYLE = Automatic;
				CURRENT_PROJECT_VERSION = 1;
				DEVELOPMENT_TEAM = W8LN286WQ7;
				ENABLE_PREVIEWS = YES;
				GENERATE_INFOPLIST_FILE = YES;
				INFOPLIST_FILE = HyperPaymentDemo/Info.plist;
				INFOPLIST_KEY_UIApplicationSceneManifest_Generation = YES;
				INFOPLIST_KEY_UIApplicationSupportsIndirectInputEvents = YES;
				INFOPLIST_KEY_UILaunchScreen_Generation = YES;
				INFOPLIST_KEY_UISupportedInterfaceOrientations_iPad = "UIInterfaceOrientationPortrait UIInterfaceOrientationPortraitUpsideDown UIInterfaceOrientationLandscapeLeft UIInterfaceOrientationLandscapeRight";
				INFOPLIST_KEY_UISupportedInterfaceOrientations_iPhone = "UIInterfaceOrientationPortrait UIInterfaceOrientationLandscapeLeft UIInterfaceOrientationLandscapeRight";
				IPHONEOS_DEPLOYMENT_TARGET = 17.6;
				LD_RUNPATH_SEARCH_PATHS = (
					"$(inherited)",
					"@executable_path/Frameworks",
				);
				MARKETING_VERSION = 1.0;
				PRODUCT_BUNDLE_IDENTIFIER = com.eg.HyperPaymentDemo;
				PRODUCT_NAME = "$(TARGET_NAME)";
				SUPPORTED_PLATFORMS = "iphoneos iphonesimulator";
				SUPPORTS_MACCATALYST = NO;
				SUPPORTS_MAC_DESIGNED_FOR_IPHONE_IPAD = NO;
				SUPPORTS_XR_DESIGNED_FOR_IPHONE_IPAD = NO;
				SWIFT_EMIT_LOC_STRINGS = YES;
				SWIFT_OBJC_BRIDGING_HEADER = "HyperPaymentDemo/HyperPaymentDemo-Bridging-Header.h";
				SWIFT_VERSION = 5.0;
				TARGETED_DEVICE_FAMILY = "1,2";
			};
			name = Release;
		};
/* End XCBuildConfiguration section */

/* Begin XCConfigurationList section */
		AA0A0CDE2E6F06FB00A70EE8 /* Build configuration list for PBXProject "HyperPaymentDemo" */ = {
			isa = XCConfigurationList;
			buildConfigurations = (
				AA0A0CEC2E6F070700A70EE8 /* Debug */,
				AA0A0CED2E6F070700A70EE8 /* Release */,
			);
			defaultConfigurationIsVisible = 0;
			defaultConfigurationName = Release;
		};
		AA0A0CEE2E6F070700A70EE8 /* Build configuration list for PBXNativeTarget "HyperPaymentDemo" */ = {
			isa = XCConfigurationList;
			buildConfigurations = (
				AA0A0CEF2E6F070700A70EE8 /* Debug */,
				AA0A0CF02E6F070700A70EE8 /* Release */,
			);
			defaultConfigurationIsVisible = 0;
			defaultConfigurationName = Release;
		};
/* End XCConfigurationList section */
	};
	rootObject = AA0A0CDB2E6F06FB00A70EE8 /* Project object */;
}
